// !$*UTF8*$!
{
	archiveVersion = 1;
	classes = {
	};
	objectVersion = 46;
	objects = {

/* Begin PBXBuildFile section */
		443C60CA1C9B32DC0041A086 /* AUBase.cpp in Sources */ = {isa = PBXBuildFile; fileRef = 443C607A1C9B32DC0041A086 /* AUBase.cpp */; };
		443C60CC1C9B32DC0041A086 /* AUInputElement.cpp in Sources */ = {isa = PBXBuildFile; fileRef = 443C607E1C9B32DC0041A086 /* AUInputElement.cpp */; };
		443C60CD1C9B32DC0041A086 /* AUOutputElement.cpp in Sources */ = {isa = PBXBuildFile; fileRef = 443C60801C9B32DC0041A086 /* AUOutputElement.cpp */; };
		443C60CE1C9B32DC0041A086 /* AUPlugInDispatch.cpp in Sources */ = {isa = PBXBuildFile; fileRef = 443C60821C9B32DC0041A086 /* AUPlugInDispatch.cpp */; };
		443C60CF1C9B32DC0041A086 /* AUScopeElement.cpp in Sources */ = {isa = PBXBuildFile; fileRef = 443C60841C9B32DC0041A086 /* AUScopeElement.cpp */; };
		443C60D01C9B32DC0041A086 /* ComponentBase.cpp in Sources */ = {isa = PBXBuildFile; fileRef = 443C60861C9B32DC0041A086 /* ComponentBase.cpp */; };
		443C60D11C9B32DC0041A086 /* AUInstrumentBase.cpp in Sources */ = {isa = PBXBuildFile; fileRef = 443C60891C9B32DC0041A086 /* AUInstrumentBase.cpp */; };
		443C60D21C9B32DC0041A086 /* SynthElement.cpp in Sources */ = {isa = PBXBuildFile; fileRef = 443C608D1C9B32DC0041A086 /* SynthElement.cpp */; };
		443C60D31C9B32DC0041A086 /* SynthNote.cpp in Sources */ = {isa = PBXBuildFile; fileRef = 443C60901C9B32DC0041A086 /* SynthNote.cpp */; };
		443C60D41C9B32DC0041A086 /* SynthNoteList.cpp in Sources */ = {isa = PBXBuildFile; fileRef = 443C60921C9B32DC0041A086 /* SynthNoteList.cpp */; };
		443C60D51C9B32DC0041A086 /* AUEffectBase.cpp in Sources */ = {isa = PBXBuildFile; fileRef = 443C60951C9B32DC0041A086 /* AUEffectBase.cpp */; };
		443C60D61C9B32DC0041A086 /* AUMIDIBase.cpp in Sources */ = {isa = PBXBuildFile; fileRef = 443C60971C9B32DC0041A086 /* AUMIDIBase.cpp */; };
		443C60D71C9B32DC0041A086 /* AUMIDIEffectBase.cpp in Sources */ = {isa = PBXBuildFile; fileRef = 443C60991C9B32DC0041A086 /* AUMIDIEffectBase.cpp */; };
		443C60D81C9B32DC0041A086 /* MusicDeviceBase.cpp in Sources */ = {isa = PBXBuildFile; fileRef = 443C609B1C9B32DC0041A086 /* MusicDeviceBase.cpp */; };
		443C60D91C9B32DC0041A086 /* AUBaseHelper.cpp in Sources */ = {isa = PBXBuildFile; fileRef = 443C609E1C9B32DC0041A086 /* AUBaseHelper.cpp */; };
		443C60DA1C9B32DC0041A086 /* AUBuffer.cpp in Sources */ = {isa = PBXBuildFile; fileRef = 443C60A01C9B32DC0041A086 /* AUBuffer.cpp */; };
		443C60DB1C9B32DC0041A086 /* CAAudioChannelLayout.cpp in Sources */ = {isa = PBXBuildFile; fileRef = 443C60A71C9B32DC0041A086 /* CAAudioChannelLayout.cpp */; };
		443C60DC1C9B32DC0041A086 /* CAAudioChannelLayoutObject.cpp in Sources */ = {isa = PBXBuildFile; fileRef = 443C60A91C9B32DC0041A086 /* CAAudioChannelLayoutObject.cpp */; };
		443C60DD1C9B32DC0041A086 /* CAAUMIDIMap.cpp in Sources */ = {isa = PBXBuildFile; fileRef = 443C60AA1C9B32DC0041A086 /* CAAUMIDIMap.cpp */; };
		443C60DE1C9B32DC0041A086 /* CAAUMIDIMapManager.cpp in Sources */ = {isa = PBXBuildFile; fileRef = 443C60AC1C9B32DC0041A086 /* CAAUMIDIMapManager.cpp */; };
		443C60DF1C9B32DC0041A086 /* CABufferList.cpp in Sources */ = {isa = PBXBuildFile; fileRef = 443C60AF1C9B32DC0041A086 /* CABufferList.cpp */; };
		443C60E01C9B32DC0041A086 /* CADebugger.cpp in Sources */ = {isa = PBXBuildFile; fileRef = 443C60B21C9B32DC0041A086 /* CADebugger.cpp */; };
		443C60E11C9B32DC0041A086 /* CADebugMacros.cpp in Sources */ = {isa = PBXBuildFile; fileRef = 443C60B41C9B32DC0041A086 /* CADebugMacros.cpp */; };
		443C60E21C9B32DC0041A086 /* CADebugPrintf.cpp in Sources */ = {isa = PBXBuildFile; fileRef = 443C60B61C9B32DC0041A086 /* CADebugPrintf.cpp */; };
		443C60E31C9B32DC0041A086 /* CAGuard.cpp in Sources */ = {isa = PBXBuildFile; fileRef = 443C60B91C9B32DC0041A086 /* CAGuard.cpp */; };
		443C60E41C9B32DC0041A086 /* CAHostTimeBase.cpp in Sources */ = {isa = PBXBuildFile; fileRef = 443C60BB1C9B32DC0041A086 /* CAHostTimeBase.cpp */; };
		443C60E51C9B32DC0041A086 /* CAMutex.cpp in Sources */ = {isa = PBXBuildFile; fileRef = 443C60BF1C9B32DC0041A086 /* CAMutex.cpp */; };
		443C60E61C9B32DC0041A086 /* CAStreamBasicDescription.cpp in Sources */ = {isa = PBXBuildFile; fileRef = 443C60C21C9B32DC0041A086 /* CAStreamBasicDescription.cpp */; };
		443C60E71C9B32DC0041A086 /* CAVectorUnit.cpp in Sources */ = {isa = PBXBuildFile; fileRef = 443C60C51C9B32DC0041A086 /* CAVectorUnit.cpp */; };
		443C60E81C9B32DC0041A086 /* CAXException.cpp in Sources */ = {isa = PBXBuildFile; fileRef = 443C60C81C9B32DC0041A086 /* CAXException.cpp */; };
		443C60FC1C9B36650041A086 /* CsoundAU.exp in Sources */ = {isa = PBXBuildFile; fileRef = 443C60E91C9B36650041A086 /* CsoundAU.exp */; };
		443C60FD1C9B36650041A086 /* CsoundAUBase.cpp in Sources */ = {isa = PBXBuildFile; fileRef = 443C60EA1C9B36650041A086 /* CsoundAUBase.cpp */; };
		443C61001C9B36650041A086 /* CsoundAUSynth.cpp in Sources */ = {isa = PBXBuildFile; fileRef = 443C60F01C9B36650041A086 /* CsoundAUSynth.cpp */; };
		443C61031C9B36650041A086 /* JSONParserCpp.mm in Sources */ = {isa = PBXBuildFile; fileRef = 443C60F71C9B36650041A086 /* JSONParserCpp.mm */; };
		443C61041C9B36650041A086 /* JSONParserObjC.m in Sources */ = {isa = PBXBuildFile; fileRef = 443C60F91C9B36650041A086 /* JSONParserObjC.m */; };
		443C61051C9B36650041A086 /* Parameter.cpp in Sources */ = {isa = PBXBuildFile; fileRef = 443C60FA1C9B36650041A086 /* Parameter.cpp */; };
		443C61091C9B3A1F0041A086 /* AudioToolbox.framework in Frameworks */ = {isa = PBXBuildFile; fileRef = 443C61061C9B3A1F0041A086 /* AudioToolbox.framework */; };
		443C610A1C9B3A1F0041A086 /* AudioUnit.framework in Frameworks */ = {isa = PBXBuildFile; fileRef = 443C61071C9B3A1F0041A086 /* AudioUnit.framework */; };
		443C610B1C9B3A1F0041A086 /* CoreFoundation.framework in Frameworks */ = {isa = PBXBuildFile; fileRef = 443C61081C9B3A1F0041A086 /* CoreFoundation.framework */; };
		443C610D1C9B48510041A086 /* CsoundLib64.framework in Frameworks */ = {isa = PBXBuildFile; fileRef = 443C610C1C9B48510041A086 /* CsoundLib64.framework */; };
		44430F2A1CA068150038BAA7 /* Configuration.json in Resources */ = {isa = PBXBuildFile; fileRef = 44430F261CA068150038BAA7 /* Configuration.json */; };
		44430F2B1CA068150038BAA7 /* Parameters.json in Resources */ = {isa = PBXBuildFile; fileRef = 44430F271CA068150038BAA7 /* Parameters.json */; };
		44430F2C1CA068150038BAA7 /* Presets.json in Resources */ = {isa = PBXBuildFile; fileRef = 44430F281CA068150038BAA7 /* Presets.json */; };
		44430F2D1CA068150038BAA7 /* Test_CsoundAUSynth.csd in Resources */ = {isa = PBXBuildFile; fileRef = 44430F291CA068150038BAA7 /* Test_CsoundAUSynth.csd */; };
		44A0B3501CA1A55700D00ACD /* WebKit.framework in Frameworks */ = {isa = PBXBuildFile; fileRef = 44A0B34F1CA1A55700D00ACD /* WebKit.framework */; };
		44A0B3521CA1A57600D00ACD /* CsoundAUCocoaView.m in Sources */ = {isa = PBXBuildFile; fileRef = 443C60ED1C9B36650041A086 /* CsoundAUCocoaView.m */; };
		44A0B3541CA1A57600D00ACD /* CsoundAUHTMLView.m in Sources */ = {isa = PBXBuildFile; fileRef = 443C60EF1C9B36650041A086 /* CsoundAUHTMLView.m */; };
		44A0B3561CA1A57600D00ACD /* CsoundAUViewBase.m in Sources */ = {isa = PBXBuildFile; fileRef = 443C60F31C9B36650041A086 /* CsoundAUViewBase.m */; };
		44A0B3581CA1A57600D00ACD /* CsoundAUViewFactory.m in Sources */ = {isa = PBXBuildFile; fileRef = 443C60F51C9B36650041A086 /* CsoundAUViewFactory.m */; };
		44A0B35A1CA1A57600D00ACD /* JSONParserObjC.m in Sources */ = {isa = PBXBuildFile; fileRef = 443C60F91C9B36650041A086 /* JSONParserObjC.m */; };
		44A0B35C1CA1A6FB00D00ACD /* index.html in Resources */ = {isa = PBXBuildFile; fileRef = 44A0B35B1CA1A6FB00D00ACD /* index.html */; };
		44A0B35D1CA1E80C00D00ACD /* CsoundAUSynthHTMLView.bundle in Resources */ = {isa = PBXBuildFile; fileRef = 44430F321CA094A70038BAA7 /* CsoundAUSynthHTMLView.bundle */; };
/* End PBXBuildFile section */

/* Begin PBXContainerItemProxy section */
		44430F381CA094B40038BAA7 /* PBXContainerItemProxy */ = {
			isa = PBXContainerItemProxy;
			containerPortal = 443C60671C9B32650041A086 /* Project object */;
			proxyType = 1;
			remoteGlobalIDString = 44430F311CA094A70038BAA7;
			remoteInfo = CsoundAUSynthHTMLView;
		};
/* End PBXContainerItemProxy section */

/* Begin PBXFileReference section */
		443C606F1C9B32650041A086 /* CsoundAUSynthHTML.component */ = {isa = PBXFileReference; explicitFileType = wrapper.cfbundle; includeInIndex = 0; path = CsoundAUSynthHTML.component; sourceTree = BUILT_PRODUCTS_DIR; };
		443C60721C9B32650041A086 /* Info.plist */ = {isa = PBXFileReference; lastKnownFileType = text.plist.xml; path = Info.plist; sourceTree = "<group>"; };
		443C607A1C9B32DC0041A086 /* AUBase.cpp */ = {isa = PBXFileReference; fileEncoding = 4; lastKnownFileType = sourcecode.cpp.cpp; path = AUBase.cpp; sourceTree = "<group>"; };
		443C607B1C9B32DC0041A086 /* AUBase.h */ = {isa = PBXFileReference; fileEncoding = 4; lastKnownFileType = sourcecode.c.h; path = AUBase.h; sourceTree = "<group>"; };
		443C607C1C9B32DC0041A086 /* AUDispatch.cpp */ = {isa = PBXFileReference; fileEncoding = 4; lastKnownFileType = sourcecode.cpp.cpp; path = AUDispatch.cpp; sourceTree = "<group>"; };
		443C607D1C9B32DC0041A086 /* AUDispatch.h */ = {isa = PBXFileReference; fileEncoding = 4; lastKnownFileType = sourcecode.c.h; path = AUDispatch.h; sourceTree = "<group>"; };
		443C607E1C9B32DC0041A086 /* AUInputElement.cpp */ = {isa = PBXFileReference; fileEncoding = 4; lastKnownFileType = sourcecode.cpp.cpp; path = AUInputElement.cpp; sourceTree = "<group>"; };
		443C607F1C9B32DC0041A086 /* AUInputElement.h */ = {isa = PBXFileReference; fileEncoding = 4; lastKnownFileType = sourcecode.c.h; path = AUInputElement.h; sourceTree = "<group>"; };
		443C60801C9B32DC0041A086 /* AUOutputElement.cpp */ = {isa = PBXFileReference; fileEncoding = 4; lastKnownFileType = sourcecode.cpp.cpp; path = AUOutputElement.cpp; sourceTree = "<group>"; };
		443C60811C9B32DC0041A086 /* AUOutputElement.h */ = {isa = PBXFileReference; fileEncoding = 4; lastKnownFileType = sourcecode.c.h; path = AUOutputElement.h; sourceTree = "<group>"; };
		443C60821C9B32DC0041A086 /* AUPlugInDispatch.cpp */ = {isa = PBXFileReference; fileEncoding = 4; lastKnownFileType = sourcecode.cpp.cpp; path = AUPlugInDispatch.cpp; sourceTree = "<group>"; };
		443C60831C9B32DC0041A086 /* AUPlugInDispatch.h */ = {isa = PBXFileReference; fileEncoding = 4; lastKnownFileType = sourcecode.c.h; path = AUPlugInDispatch.h; sourceTree = "<group>"; };
		443C60841C9B32DC0041A086 /* AUScopeElement.cpp */ = {isa = PBXFileReference; fileEncoding = 4; lastKnownFileType = sourcecode.cpp.cpp; path = AUScopeElement.cpp; sourceTree = "<group>"; };
		443C60851C9B32DC0041A086 /* AUScopeElement.h */ = {isa = PBXFileReference; fileEncoding = 4; lastKnownFileType = sourcecode.c.h; path = AUScopeElement.h; sourceTree = "<group>"; };
		443C60861C9B32DC0041A086 /* ComponentBase.cpp */ = {isa = PBXFileReference; fileEncoding = 4; lastKnownFileType = sourcecode.cpp.cpp; path = ComponentBase.cpp; sourceTree = "<group>"; };
		443C60871C9B32DC0041A086 /* ComponentBase.h */ = {isa = PBXFileReference; fileEncoding = 4; lastKnownFileType = sourcecode.c.h; path = ComponentBase.h; sourceTree = "<group>"; };
		443C60891C9B32DC0041A086 /* AUInstrumentBase.cpp */ = {isa = PBXFileReference; fileEncoding = 4; lastKnownFileType = sourcecode.cpp.cpp; path = AUInstrumentBase.cpp; sourceTree = "<group>"; };
		443C608A1C9B32DC0041A086 /* AUInstrumentBase.h */ = {isa = PBXFileReference; fileEncoding = 4; lastKnownFileType = sourcecode.c.h; path = AUInstrumentBase.h; sourceTree = "<group>"; };
		443C608B1C9B32DC0041A086 /* LockFreeFIFO.h */ = {isa = PBXFileReference; fileEncoding = 4; lastKnownFileType = sourcecode.c.h; path = LockFreeFIFO.h; sourceTree = "<group>"; };
		443C608C1C9B32DC0041A086 /* MIDIControlHandler.h */ = {isa = PBXFileReference; fileEncoding = 4; lastKnownFileType = sourcecode.c.h; path = MIDIControlHandler.h; sourceTree = "<group>"; };
		443C608D1C9B32DC0041A086 /* SynthElement.cpp */ = {isa = PBXFileReference; fileEncoding = 4; lastKnownFileType = sourcecode.cpp.cpp; path = SynthElement.cpp; sourceTree = "<group>"; };
		443C608E1C9B32DC0041A086 /* SynthElement.h */ = {isa = PBXFileReference; fileEncoding = 4; lastKnownFileType = sourcecode.c.h; path = SynthElement.h; sourceTree = "<group>"; };
		443C608F1C9B32DC0041A086 /* SynthEvent.h */ = {isa = PBXFileReference; fileEncoding = 4; lastKnownFileType = sourcecode.c.h; path = SynthEvent.h; sourceTree = "<group>"; };
		443C60901C9B32DC0041A086 /* SynthNote.cpp */ = {isa = PBXFileReference; fileEncoding = 4; lastKnownFileType = sourcecode.cpp.cpp; path = SynthNote.cpp; sourceTree = "<group>"; };
		443C60911C9B32DC0041A086 /* SynthNote.h */ = {isa = PBXFileReference; fileEncoding = 4; lastKnownFileType = sourcecode.c.h; path = SynthNote.h; sourceTree = "<group>"; };
		443C60921C9B32DC0041A086 /* SynthNoteList.cpp */ = {isa = PBXFileReference; fileEncoding = 4; lastKnownFileType = sourcecode.cpp.cpp; path = SynthNoteList.cpp; sourceTree = "<group>"; };
		443C60931C9B32DC0041A086 /* SynthNoteList.h */ = {isa = PBXFileReference; fileEncoding = 4; lastKnownFileType = sourcecode.c.h; path = SynthNoteList.h; sourceTree = "<group>"; };
		443C60951C9B32DC0041A086 /* AUEffectBase.cpp */ = {isa = PBXFileReference; fileEncoding = 4; lastKnownFileType = sourcecode.cpp.cpp; path = AUEffectBase.cpp; sourceTree = "<group>"; };
		443C60961C9B32DC0041A086 /* AUEffectBase.h */ = {isa = PBXFileReference; fileEncoding = 4; lastKnownFileType = sourcecode.c.h; path = AUEffectBase.h; sourceTree = "<group>"; };
		443C60971C9B32DC0041A086 /* AUMIDIBase.cpp */ = {isa = PBXFileReference; fileEncoding = 4; lastKnownFileType = sourcecode.cpp.cpp; path = AUMIDIBase.cpp; sourceTree = "<group>"; };
		443C60981C9B32DC0041A086 /* AUMIDIBase.h */ = {isa = PBXFileReference; fileEncoding = 4; lastKnownFileType = sourcecode.c.h; path = AUMIDIBase.h; sourceTree = "<group>"; };
		443C60991C9B32DC0041A086 /* AUMIDIEffectBase.cpp */ = {isa = PBXFileReference; fileEncoding = 4; lastKnownFileType = sourcecode.cpp.cpp; path = AUMIDIEffectBase.cpp; sourceTree = "<group>"; };
		443C609A1C9B32DC0041A086 /* AUMIDIEffectBase.h */ = {isa = PBXFileReference; fileEncoding = 4; lastKnownFileType = sourcecode.c.h; path = AUMIDIEffectBase.h; sourceTree = "<group>"; };
		443C609B1C9B32DC0041A086 /* MusicDeviceBase.cpp */ = {isa = PBXFileReference; fileEncoding = 4; lastKnownFileType = sourcecode.cpp.cpp; path = MusicDeviceBase.cpp; sourceTree = "<group>"; };
		443C609C1C9B32DC0041A086 /* MusicDeviceBase.h */ = {isa = PBXFileReference; fileEncoding = 4; lastKnownFileType = sourcecode.c.h; path = MusicDeviceBase.h; sourceTree = "<group>"; };
		443C609E1C9B32DC0041A086 /* AUBaseHelper.cpp */ = {isa = PBXFileReference; fileEncoding = 4; lastKnownFileType = sourcecode.cpp.cpp; path = AUBaseHelper.cpp; sourceTree = "<group>"; };
		443C609F1C9B32DC0041A086 /* AUBaseHelper.h */ = {isa = PBXFileReference; fileEncoding = 4; lastKnownFileType = sourcecode.c.h; path = AUBaseHelper.h; sourceTree = "<group>"; };
		443C60A01C9B32DC0041A086 /* AUBuffer.cpp */ = {isa = PBXFileReference; fileEncoding = 4; lastKnownFileType = sourcecode.cpp.cpp; path = AUBuffer.cpp; sourceTree = "<group>"; };
		443C60A11C9B32DC0041A086 /* AUBuffer.h */ = {isa = PBXFileReference; fileEncoding = 4; lastKnownFileType = sourcecode.c.h; path = AUBuffer.h; sourceTree = "<group>"; };
		443C60A21C9B32DC0041A086 /* AUMIDIDefs.h */ = {isa = PBXFileReference; fileEncoding = 4; lastKnownFileType = sourcecode.c.h; path = AUMIDIDefs.h; sourceTree = "<group>"; };
		443C60A31C9B32DC0041A086 /* AUSilentTimeout.h */ = {isa = PBXFileReference; fileEncoding = 4; lastKnownFileType = sourcecode.c.h; path = AUSilentTimeout.h; sourceTree = "<group>"; };
		443C60A51C9B32DC0041A086 /* CAAtomic.h */ = {isa = PBXFileReference; fileEncoding = 4; lastKnownFileType = sourcecode.c.h; path = CAAtomic.h; sourceTree = "<group>"; };
		443C60A61C9B32DC0041A086 /* CAAtomicStack.h */ = {isa = PBXFileReference; fileEncoding = 4; lastKnownFileType = sourcecode.c.h; path = CAAtomicStack.h; sourceTree = "<group>"; };
		443C60A71C9B32DC0041A086 /* CAAudioChannelLayout.cpp */ = {isa = PBXFileReference; fileEncoding = 4; lastKnownFileType = sourcecode.cpp.cpp; path = CAAudioChannelLayout.cpp; sourceTree = "<group>"; };
		443C60A81C9B32DC0041A086 /* CAAudioChannelLayout.h */ = {isa = PBXFileReference; fileEncoding = 4; lastKnownFileType = sourcecode.c.h; path = CAAudioChannelLayout.h; sourceTree = "<group>"; };
		443C60A91C9B32DC0041A086 /* CAAudioChannelLayoutObject.cpp */ = {isa = PBXFileReference; fileEncoding = 4; lastKnownFileType = sourcecode.cpp.cpp; path = CAAudioChannelLayoutObject.cpp; sourceTree = "<group>"; };
		443C60AA1C9B32DC0041A086 /* CAAUMIDIMap.cpp */ = {isa = PBXFileReference; fileEncoding = 4; lastKnownFileType = sourcecode.cpp.cpp; path = CAAUMIDIMap.cpp; sourceTree = "<group>"; };
		443C60AB1C9B32DC0041A086 /* CAAUMIDIMap.h */ = {isa = PBXFileReference; fileEncoding = 4; lastKnownFileType = sourcecode.c.h; path = CAAUMIDIMap.h; sourceTree = "<group>"; };
		443C60AC1C9B32DC0041A086 /* CAAUMIDIMapManager.cpp */ = {isa = PBXFileReference; fileEncoding = 4; lastKnownFileType = sourcecode.cpp.cpp; path = CAAUMIDIMapManager.cpp; sourceTree = "<group>"; };
		443C60AD1C9B32DC0041A086 /* CAAUMIDIMapManager.h */ = {isa = PBXFileReference; fileEncoding = 4; lastKnownFileType = sourcecode.c.h; path = CAAUMIDIMapManager.h; sourceTree = "<group>"; };
		443C60AE1C9B32DC0041A086 /* CAAutoDisposer.h */ = {isa = PBXFileReference; fileEncoding = 4; lastKnownFileType = sourcecode.c.h; path = CAAutoDisposer.h; sourceTree = "<group>"; };
		443C60AF1C9B32DC0041A086 /* CABufferList.cpp */ = {isa = PBXFileReference; fileEncoding = 4; lastKnownFileType = sourcecode.cpp.cpp; path = CABufferList.cpp; sourceTree = "<group>"; };
		443C60B01C9B32DC0041A086 /* CABufferList.h */ = {isa = PBXFileReference; fileEncoding = 4; lastKnownFileType = sourcecode.c.h; path = CABufferList.h; sourceTree = "<group>"; };
		443C60B11C9B32DC0041A086 /* CAByteOrder.h */ = {isa = PBXFileReference; fileEncoding = 4; lastKnownFileType = sourcecode.c.h; path = CAByteOrder.h; sourceTree = "<group>"; };
		443C60B21C9B32DC0041A086 /* CADebugger.cpp */ = {isa = PBXFileReference; fileEncoding = 4; lastKnownFileType = sourcecode.cpp.cpp; path = CADebugger.cpp; sourceTree = "<group>"; };
		443C60B31C9B32DC0041A086 /* CADebugger.h */ = {isa = PBXFileReference; fileEncoding = 4; lastKnownFileType = sourcecode.c.h; path = CADebugger.h; sourceTree = "<group>"; };
		443C60B41C9B32DC0041A086 /* CADebugMacros.cpp */ = {isa = PBXFileReference; fileEncoding = 4; lastKnownFileType = sourcecode.cpp.cpp; path = CADebugMacros.cpp; sourceTree = "<group>"; };
		443C60B51C9B32DC0041A086 /* CADebugMacros.h */ = {isa = PBXFileReference; fileEncoding = 4; lastKnownFileType = sourcecode.c.h; path = CADebugMacros.h; sourceTree = "<group>"; };
		443C60B61C9B32DC0041A086 /* CADebugPrintf.cpp */ = {isa = PBXFileReference; fileEncoding = 4; lastKnownFileType = sourcecode.cpp.cpp; path = CADebugPrintf.cpp; sourceTree = "<group>"; };
		443C60B71C9B32DC0041A086 /* CADebugPrintf.h */ = {isa = PBXFileReference; fileEncoding = 4; lastKnownFileType = sourcecode.c.h; path = CADebugPrintf.h; sourceTree = "<group>"; };
		443C60B81C9B32DC0041A086 /* CAException.h */ = {isa = PBXFileReference; fileEncoding = 4; lastKnownFileType = sourcecode.c.h; path = CAException.h; sourceTree = "<group>"; };
		443C60B91C9B32DC0041A086 /* CAGuard.cpp */ = {isa = PBXFileReference; fileEncoding = 4; lastKnownFileType = sourcecode.cpp.cpp; path = CAGuard.cpp; sourceTree = "<group>"; };
		443C60BA1C9B32DC0041A086 /* CAGuard.h */ = {isa = PBXFileReference; fileEncoding = 4; lastKnownFileType = sourcecode.c.h; path = CAGuard.h; sourceTree = "<group>"; };
		443C60BB1C9B32DC0041A086 /* CAHostTimeBase.cpp */ = {isa = PBXFileReference; fileEncoding = 4; lastKnownFileType = sourcecode.cpp.cpp; path = CAHostTimeBase.cpp; sourceTree = "<group>"; };
		443C60BC1C9B32DC0041A086 /* CAHostTimeBase.h */ = {isa = PBXFileReference; fileEncoding = 4; lastKnownFileType = sourcecode.c.h; path = CAHostTimeBase.h; sourceTree = "<group>"; };
		443C60BD1C9B32DC0041A086 /* CALogMacros.h */ = {isa = PBXFileReference; fileEncoding = 4; lastKnownFileType = sourcecode.c.h; path = CALogMacros.h; sourceTree = "<group>"; };
		443C60BE1C9B32DC0041A086 /* CAMath.h */ = {isa = PBXFileReference; fileEncoding = 4; lastKnownFileType = sourcecode.c.h; path = CAMath.h; sourceTree = "<group>"; };
		443C60BF1C9B32DC0041A086 /* CAMutex.cpp */ = {isa = PBXFileReference; fileEncoding = 4; lastKnownFileType = sourcecode.cpp.cpp; path = CAMutex.cpp; sourceTree = "<group>"; };
		443C60C01C9B32DC0041A086 /* CAMutex.h */ = {isa = PBXFileReference; fileEncoding = 4; lastKnownFileType = sourcecode.c.h; path = CAMutex.h; sourceTree = "<group>"; };
		443C60C11C9B32DC0041A086 /* CAReferenceCounted.h */ = {isa = PBXFileReference; fileEncoding = 4; lastKnownFileType = sourcecode.c.h; path = CAReferenceCounted.h; sourceTree = "<group>"; };
		443C60C21C9B32DC0041A086 /* CAStreamBasicDescription.cpp */ = {isa = PBXFileReference; fileEncoding = 4; lastKnownFileType = sourcecode.cpp.cpp; path = CAStreamBasicDescription.cpp; sourceTree = "<group>"; };
		443C60C31C9B32DC0041A086 /* CAStreamBasicDescription.h */ = {isa = PBXFileReference; fileEncoding = 4; lastKnownFileType = sourcecode.c.h; path = CAStreamBasicDescription.h; sourceTree = "<group>"; };
		443C60C41C9B32DC0041A086 /* CAThreadSafeList.h */ = {isa = PBXFileReference; fileEncoding = 4; lastKnownFileType = sourcecode.c.h; path = CAThreadSafeList.h; sourceTree = "<group>"; };
		443C60C51C9B32DC0041A086 /* CAVectorUnit.cpp */ = {isa = PBXFileReference; fileEncoding = 4; lastKnownFileType = sourcecode.cpp.cpp; path = CAVectorUnit.cpp; sourceTree = "<group>"; };
		443C60C61C9B32DC0041A086 /* CAVectorUnit.h */ = {isa = PBXFileReference; fileEncoding = 4; lastKnownFileType = sourcecode.c.h; path = CAVectorUnit.h; sourceTree = "<group>"; };
		443C60C71C9B32DC0041A086 /* CAVectorUnitTypes.h */ = {isa = PBXFileReference; fileEncoding = 4; lastKnownFileType = sourcecode.c.h; path = CAVectorUnitTypes.h; sourceTree = "<group>"; };
		443C60C81C9B32DC0041A086 /* CAXException.cpp */ = {isa = PBXFileReference; fileEncoding = 4; lastKnownFileType = sourcecode.cpp.cpp; path = CAXException.cpp; sourceTree = "<group>"; };
		443C60C91C9B32DC0041A086 /* CAXException.h */ = {isa = PBXFileReference; fileEncoding = 4; lastKnownFileType = sourcecode.c.h; path = CAXException.h; sourceTree = "<group>"; };
		443C60E91C9B36650041A086 /* CsoundAU.exp */ = {isa = PBXFileReference; fileEncoding = 4; lastKnownFileType = sourcecode.exports; path = CsoundAU.exp; sourceTree = "<group>"; };
		443C60EA1C9B36650041A086 /* CsoundAUBase.cpp */ = {isa = PBXFileReference; fileEncoding = 4; lastKnownFileType = sourcecode.cpp.cpp; path = CsoundAUBase.cpp; sourceTree = "<group>"; };
		443C60EB1C9B36650041A086 /* CsoundAUBase.h */ = {isa = PBXFileReference; fileEncoding = 4; lastKnownFileType = sourcecode.c.h; path = CsoundAUBase.h; sourceTree = "<group>"; };
		443C60EC1C9B36650041A086 /* CsoundAUCocoaView.h */ = {isa = PBXFileReference; fileEncoding = 4; lastKnownFileType = sourcecode.c.h; path = CsoundAUCocoaView.h; sourceTree = "<group>"; };
		443C60ED1C9B36650041A086 /* CsoundAUCocoaView.m */ = {isa = PBXFileReference; fileEncoding = 4; lastKnownFileType = sourcecode.c.objc; path = CsoundAUCocoaView.m; sourceTree = "<group>"; };
		443C60EE1C9B36650041A086 /* CsoundAUHTMLView.h */ = {isa = PBXFileReference; fileEncoding = 4; lastKnownFileType = sourcecode.c.h; path = CsoundAUHTMLView.h; sourceTree = "<group>"; };
		443C60EF1C9B36650041A086 /* CsoundAUHTMLView.m */ = {isa = PBXFileReference; fileEncoding = 4; lastKnownFileType = sourcecode.c.objc; path = CsoundAUHTMLView.m; sourceTree = "<group>"; };
		443C60F01C9B36650041A086 /* CsoundAUSynth.cpp */ = {isa = PBXFileReference; fileEncoding = 4; lastKnownFileType = sourcecode.cpp.cpp; path = CsoundAUSynth.cpp; sourceTree = "<group>"; };
		443C60F11C9B36650041A086 /* CsoundAUSynth.h */ = {isa = PBXFileReference; fileEncoding = 4; lastKnownFileType = sourcecode.c.h; path = CsoundAUSynth.h; sourceTree = "<group>"; };
		443C60F21C9B36650041A086 /* CsoundAUViewBase.h */ = {isa = PBXFileReference; fileEncoding = 4; lastKnownFileType = sourcecode.c.h; path = CsoundAUViewBase.h; sourceTree = "<group>"; };
		443C60F31C9B36650041A086 /* CsoundAUViewBase.m */ = {isa = PBXFileReference; fileEncoding = 4; lastKnownFileType = sourcecode.c.objc; path = CsoundAUViewBase.m; sourceTree = "<group>"; };
		443C60F41C9B36650041A086 /* CsoundAUViewFactory.h */ = {isa = PBXFileReference; fileEncoding = 4; lastKnownFileType = sourcecode.c.h; path = CsoundAUViewFactory.h; sourceTree = "<group>"; };
		443C60F51C9B36650041A086 /* CsoundAUViewFactory.m */ = {isa = PBXFileReference; fileEncoding = 4; lastKnownFileType = sourcecode.c.objc; path = CsoundAUViewFactory.m; sourceTree = "<group>"; };
		443C60F61C9B36650041A086 /* JSONParserCpp.h */ = {isa = PBXFileReference; fileEncoding = 4; lastKnownFileType = sourcecode.c.h; path = JSONParserCpp.h; sourceTree = "<group>"; };
		443C60F71C9B36650041A086 /* JSONParserCpp.mm */ = {isa = PBXFileReference; fileEncoding = 4; lastKnownFileType = sourcecode.cpp.objcpp; path = JSONParserCpp.mm; sourceTree = "<group>"; };
		443C60F81C9B36650041A086 /* JSONParserObjC.h */ = {isa = PBXFileReference; fileEncoding = 4; lastKnownFileType = sourcecode.c.h; path = JSONParserObjC.h; sourceTree = "<group>"; };
		443C60F91C9B36650041A086 /* JSONParserObjC.m */ = {isa = PBXFileReference; fileEncoding = 4; lastKnownFileType = sourcecode.c.objc; path = JSONParserObjC.m; sourceTree = "<group>"; };
		443C60FA1C9B36650041A086 /* Parameter.cpp */ = {isa = PBXFileReference; fileEncoding = 4; lastKnownFileType = sourcecode.cpp.cpp; path = Parameter.cpp; sourceTree = "<group>"; };
		443C60FB1C9B36650041A086 /* Parameter.h */ = {isa = PBXFileReference; fileEncoding = 4; lastKnownFileType = sourcecode.c.h; path = Parameter.h; sourceTree = "<group>"; };
		443C61061C9B3A1F0041A086 /* AudioToolbox.framework */ = {isa = PBXFileReference; lastKnownFileType = wrapper.framework; name = AudioToolbox.framework; path = System/Library/Frameworks/AudioToolbox.framework; sourceTree = SDKROOT; };
		443C61071C9B3A1F0041A086 /* AudioUnit.framework */ = {isa = PBXFileReference; lastKnownFileType = wrapper.framework; name = AudioUnit.framework; path = System/Library/Frameworks/AudioUnit.framework; sourceTree = SDKROOT; };
		443C61081C9B3A1F0041A086 /* CoreFoundation.framework */ = {isa = PBXFileReference; lastKnownFileType = wrapper.framework; name = CoreFoundation.framework; path = System/Library/Frameworks/CoreFoundation.framework; sourceTree = SDKROOT; };
		443C610C1C9B48510041A086 /* CsoundLib64.framework */ = {isa = PBXFileReference; lastKnownFileType = wrapper.framework; name = CsoundLib64.framework; path = ../../../../Library/Frameworks/CsoundLib64.framework; sourceTree = "<group>"; };
		44430F261CA068150038BAA7 /* Configuration.json */ = {isa = PBXFileReference; fileEncoding = 4; lastKnownFileType = text.json; path = Configuration.json; sourceTree = "<group>"; };
		44430F271CA068150038BAA7 /* Parameters.json */ = {isa = PBXFileReference; fileEncoding = 4; lastKnownFileType = text.json; path = Parameters.json; sourceTree = "<group>"; };
		44430F281CA068150038BAA7 /* Presets.json */ = {isa = PBXFileReference; fileEncoding = 4; lastKnownFileType = text.json; path = Presets.json; sourceTree = "<group>"; };
		44430F291CA068150038BAA7 /* Test_CsoundAUSynth.csd */ = {isa = PBXFileReference; fileEncoding = 4; lastKnownFileType = text; path = Test_CsoundAUSynth.csd; sourceTree = "<group>"; };
		44430F321CA094A70038BAA7 /* CsoundAUSynthHTMLView.bundle */ = {isa = PBXFileReference; explicitFileType = wrapper.cfbundle; includeInIndex = 0; path = CsoundAUSynthHTMLView.bundle; sourceTree = BUILT_PRODUCTS_DIR; };
		44430F341CA094A70038BAA7 /* Info.plist */ = {isa = PBXFileReference; lastKnownFileType = text.plist.xml; path = Info.plist; sourceTree = "<group>"; };
		44A0B34F1CA1A55700D00ACD /* WebKit.framework */ = {isa = PBXFileReference; lastKnownFileType = wrapper.framework; name = WebKit.framework; path = System/Library/Frameworks/WebKit.framework; sourceTree = SDKROOT; };
		44A0B35B1CA1A6FB00D00ACD /* index.html */ = {isa = PBXFileReference; fileEncoding = 4; lastKnownFileType = text.html; path = index.html; sourceTree = "<group>"; };
/* End PBXFileReference section */

/* Begin PBXFrameworksBuildPhase section */
		443C606C1C9B32650041A086 /* Frameworks */ = {
			isa = PBXFrameworksBuildPhase;
			buildActionMask = 2147483647;
			files = (
				443C610D1C9B48510041A086 /* CsoundLib64.framework in Frameworks */,
				443C61091C9B3A1F0041A086 /* AudioToolbox.framework in Frameworks */,
				443C610A1C9B3A1F0041A086 /* AudioUnit.framework in Frameworks */,
				443C610B1C9B3A1F0041A086 /* CoreFoundation.framework in Frameworks */,
			);
			runOnlyForDeploymentPostprocessing = 0;
		};
		44430F2F1CA094A70038BAA7 /* Frameworks */ = {
			isa = PBXFrameworksBuildPhase;
			buildActionMask = 2147483647;
			files = (
				44A0B3501CA1A55700D00ACD /* WebKit.framework in Frameworks */,
			);
			runOnlyForDeploymentPostprocessing = 0;
		};
/* End PBXFrameworksBuildPhase section */

/* Begin PBXGroup section */
		443C60661C9B32650041A086 = {
			isa = PBXGroup;
			children = (
				44A0B34F1CA1A55700D00ACD /* WebKit.framework */,
				443C610C1C9B48510041A086 /* CsoundLib64.framework */,
				443C61061C9B3A1F0041A086 /* AudioToolbox.framework */,
				443C61071C9B3A1F0041A086 /* AudioUnit.framework */,
				443C61081C9B3A1F0041A086 /* CoreFoundation.framework */,
				443C60711C9B32650041A086 /* CsoundAU */,
				44430F331CA094A70038BAA7 /* CsoundAUSynthHTMLView */,
				443C60701C9B32650041A086 /* Products */,
			);
			sourceTree = "<group>";
		};
		443C60701C9B32650041A086 /* Products */ = {
			isa = PBXGroup;
			children = (
				443C606F1C9B32650041A086 /* CsoundAUSynthHTML.component */,
				44430F321CA094A70038BAA7 /* CsoundAUSynthHTMLView.bundle */,
			);
			name = Products;
			sourceTree = "<group>";
		};
		443C60711C9B32650041A086 /* CsoundAU */ = {
			isa = PBXGroup;
			children = (
				44430F251CA068150038BAA7 /* SynthHTML */,
				44430F231CA0677D0038BAA7 /* Supporting Files */,
				44430F241CA0678A0038BAA7 /* Common */,
				443C60781C9B32DC0041A086 /* AUPublic */,
				443C60A41C9B32DC0041A086 /* PublicUtility */,
			);
			path = CsoundAU;
			sourceTree = "<group>";
		};
		443C60781C9B32DC0041A086 /* AUPublic */ = {
			isa = PBXGroup;
			children = (
				443C60791C9B32DC0041A086 /* AUBase */,
				443C60881C9B32DC0041A086 /* AUInstrumentBase */,
				443C60941C9B32DC0041A086 /* OtherBases */,
				443C609D1C9B32DC0041A086 /* Utility */,
			);
			path = AUPublic;
			sourceTree = "<group>";
		};
		443C60791C9B32DC0041A086 /* AUBase */ = {
			isa = PBXGroup;
			children = (
				443C607A1C9B32DC0041A086 /* AUBase.cpp */,
				443C607B1C9B32DC0041A086 /* AUBase.h */,
				443C607C1C9B32DC0041A086 /* AUDispatch.cpp */,
				443C607D1C9B32DC0041A086 /* AUDispatch.h */,
				443C607E1C9B32DC0041A086 /* AUInputElement.cpp */,
				443C607F1C9B32DC0041A086 /* AUInputElement.h */,
				443C60801C9B32DC0041A086 /* AUOutputElement.cpp */,
				443C60811C9B32DC0041A086 /* AUOutputElement.h */,
				443C60821C9B32DC0041A086 /* AUPlugInDispatch.cpp */,
				443C60831C9B32DC0041A086 /* AUPlugInDispatch.h */,
				443C60841C9B32DC0041A086 /* AUScopeElement.cpp */,
				443C60851C9B32DC0041A086 /* AUScopeElement.h */,
				443C60861C9B32DC0041A086 /* ComponentBase.cpp */,
				443C60871C9B32DC0041A086 /* ComponentBase.h */,
			);
			path = AUBase;
			sourceTree = "<group>";
		};
		443C60881C9B32DC0041A086 /* AUInstrumentBase */ = {
			isa = PBXGroup;
			children = (
				443C60891C9B32DC0041A086 /* AUInstrumentBase.cpp */,
				443C608A1C9B32DC0041A086 /* AUInstrumentBase.h */,
				443C608B1C9B32DC0041A086 /* LockFreeFIFO.h */,
				443C608C1C9B32DC0041A086 /* MIDIControlHandler.h */,
				443C608D1C9B32DC0041A086 /* SynthElement.cpp */,
				443C608E1C9B32DC0041A086 /* SynthElement.h */,
				443C608F1C9B32DC0041A086 /* SynthEvent.h */,
				443C60901C9B32DC0041A086 /* SynthNote.cpp */,
				443C60911C9B32DC0041A086 /* SynthNote.h */,
				443C60921C9B32DC0041A086 /* SynthNoteList.cpp */,
				443C60931C9B32DC0041A086 /* SynthNoteList.h */,
			);
			path = AUInstrumentBase;
			sourceTree = "<group>";
		};
		443C60941C9B32DC0041A086 /* OtherBases */ = {
			isa = PBXGroup;
			children = (
				443C60951C9B32DC0041A086 /* AUEffectBase.cpp */,
				443C60961C9B32DC0041A086 /* AUEffectBase.h */,
				443C60971C9B32DC0041A086 /* AUMIDIBase.cpp */,
				443C60981C9B32DC0041A086 /* AUMIDIBase.h */,
				443C60991C9B32DC0041A086 /* AUMIDIEffectBase.cpp */,
				443C609A1C9B32DC0041A086 /* AUMIDIEffectBase.h */,
				443C609B1C9B32DC0041A086 /* MusicDeviceBase.cpp */,
				443C609C1C9B32DC0041A086 /* MusicDeviceBase.h */,
			);
			path = OtherBases;
			sourceTree = "<group>";
		};
		443C609D1C9B32DC0041A086 /* Utility */ = {
			isa = PBXGroup;
			children = (
				443C609E1C9B32DC0041A086 /* AUBaseHelper.cpp */,
				443C609F1C9B32DC0041A086 /* AUBaseHelper.h */,
				443C60A01C9B32DC0041A086 /* AUBuffer.cpp */,
				443C60A11C9B32DC0041A086 /* AUBuffer.h */,
				443C60A21C9B32DC0041A086 /* AUMIDIDefs.h */,
				443C60A31C9B32DC0041A086 /* AUSilentTimeout.h */,
			);
			path = Utility;
			sourceTree = "<group>";
		};
		443C60A41C9B32DC0041A086 /* PublicUtility */ = {
			isa = PBXGroup;
			children = (
				443C60A51C9B32DC0041A086 /* CAAtomic.h */,
				443C60A61C9B32DC0041A086 /* CAAtomicStack.h */,
				443C60A71C9B32DC0041A086 /* CAAudioChannelLayout.cpp */,
				443C60A81C9B32DC0041A086 /* CAAudioChannelLayout.h */,
				443C60A91C9B32DC0041A086 /* CAAudioChannelLayoutObject.cpp */,
				443C60AA1C9B32DC0041A086 /* CAAUMIDIMap.cpp */,
				443C60AB1C9B32DC0041A086 /* CAAUMIDIMap.h */,
				443C60AC1C9B32DC0041A086 /* CAAUMIDIMapManager.cpp */,
				443C60AD1C9B32DC0041A086 /* CAAUMIDIMapManager.h */,
				443C60AE1C9B32DC0041A086 /* CAAutoDisposer.h */,
				443C60AF1C9B32DC0041A086 /* CABufferList.cpp */,
				443C60B01C9B32DC0041A086 /* CABufferList.h */,
				443C60B11C9B32DC0041A086 /* CAByteOrder.h */,
				443C60B21C9B32DC0041A086 /* CADebugger.cpp */,
				443C60B31C9B32DC0041A086 /* CADebugger.h */,
				443C60B41C9B32DC0041A086 /* CADebugMacros.cpp */,
				443C60B51C9B32DC0041A086 /* CADebugMacros.h */,
				443C60B61C9B32DC0041A086 /* CADebugPrintf.cpp */,
				443C60B71C9B32DC0041A086 /* CADebugPrintf.h */,
				443C60B81C9B32DC0041A086 /* CAException.h */,
				443C60B91C9B32DC0041A086 /* CAGuard.cpp */,
				443C60BA1C9B32DC0041A086 /* CAGuard.h */,
				443C60BB1C9B32DC0041A086 /* CAHostTimeBase.cpp */,
				443C60BC1C9B32DC0041A086 /* CAHostTimeBase.h */,
				443C60BD1C9B32DC0041A086 /* CALogMacros.h */,
				443C60BE1C9B32DC0041A086 /* CAMath.h */,
				443C60BF1C9B32DC0041A086 /* CAMutex.cpp */,
				443C60C01C9B32DC0041A086 /* CAMutex.h */,
				443C60C11C9B32DC0041A086 /* CAReferenceCounted.h */,
				443C60C21C9B32DC0041A086 /* CAStreamBasicDescription.cpp */,
				443C60C31C9B32DC0041A086 /* CAStreamBasicDescription.h */,
				443C60C41C9B32DC0041A086 /* CAThreadSafeList.h */,
				443C60C51C9B32DC0041A086 /* CAVectorUnit.cpp */,
				443C60C61C9B32DC0041A086 /* CAVectorUnit.h */,
				443C60C71C9B32DC0041A086 /* CAVectorUnitTypes.h */,
				443C60C81C9B32DC0041A086 /* CAXException.cpp */,
				443C60C91C9B32DC0041A086 /* CAXException.h */,
			);
			path = PublicUtility;
			sourceTree = "<group>";
		};
		44430F231CA0677D0038BAA7 /* Supporting Files */ = {
			isa = PBXGroup;
			children = (
				443C60721C9B32650041A086 /* Info.plist */,
				443C60E91C9B36650041A086 /* CsoundAU.exp */,
			);
			name = "Supporting Files";
			sourceTree = "<group>";
		};
		44430F241CA0678A0038BAA7 /* Common */ = {
			isa = PBXGroup;
			children = (
				443C60EA1C9B36650041A086 /* CsoundAUBase.cpp */,
				443C60EB1C9B36650041A086 /* CsoundAUBase.h */,
				443C60EC1C9B36650041A086 /* CsoundAUCocoaView.h */,
				443C60ED1C9B36650041A086 /* CsoundAUCocoaView.m */,
				443C60EE1C9B36650041A086 /* CsoundAUHTMLView.h */,
				443C60EF1C9B36650041A086 /* CsoundAUHTMLView.m */,
				443C60F01C9B36650041A086 /* CsoundAUSynth.cpp */,
				443C60F11C9B36650041A086 /* CsoundAUSynth.h */,
				443C60F21C9B36650041A086 /* CsoundAUViewBase.h */,
				443C60F31C9B36650041A086 /* CsoundAUViewBase.m */,
				443C60F41C9B36650041A086 /* CsoundAUViewFactory.h */,
				443C60F51C9B36650041A086 /* CsoundAUViewFactory.m */,
				443C60F61C9B36650041A086 /* JSONParserCpp.h */,
				443C60F71C9B36650041A086 /* JSONParserCpp.mm */,
				443C60F81C9B36650041A086 /* JSONParserObjC.h */,
				443C60F91C9B36650041A086 /* JSONParserObjC.m */,
				443C60FA1C9B36650041A086 /* Parameter.cpp */,
				443C60FB1C9B36650041A086 /* Parameter.h */,
			);
			name = Common;
			sourceTree = "<group>";
		};
		44430F251CA068150038BAA7 /* SynthHTML */ = {
			isa = PBXGroup;
			children = (
				44430F261CA068150038BAA7 /* Configuration.json */,
				44430F271CA068150038BAA7 /* Parameters.json */,
				44430F281CA068150038BAA7 /* Presets.json */,
				44430F291CA068150038BAA7 /* Test_CsoundAUSynth.csd */,
				44A0B35B1CA1A6FB00D00ACD /* index.html */,
			);
			path = SynthHTML;
			sourceTree = "<group>";
		};
		44430F331CA094A70038BAA7 /* CsoundAUSynthHTMLView */ = {
			isa = PBXGroup;
			children = (
				44430F341CA094A70038BAA7 /* Info.plist */,
			);
			path = CsoundAUSynthHTMLView;
			sourceTree = "<group>";
		};
/* End PBXGroup section */

/* Begin PBXNativeTarget section */
		443C606E1C9B32650041A086 /* CsoundAUSynthHTML */ = {
			isa = PBXNativeTarget;
			buildConfigurationList = 443C60751C9B32650041A086 /* Build configuration list for PBXNativeTarget "CsoundAUSynthHTML" */;
			buildPhases = (
				443C606B1C9B32650041A086 /* Sources */,
				443C606C1C9B32650041A086 /* Frameworks */,
				443C606D1C9B32650041A086 /* Resources */,
			);
			buildRules = (
			);
			dependencies = (
				44430F391CA094B40038BAA7 /* PBXTargetDependency */,
			);
			name = CsoundAUSynthHTML;
			productName = CsoundAU;
			productReference = 443C606F1C9B32650041A086 /* CsoundAUSynthHTML.component */;
			productType = "com.apple.product-type.bundle";
		};
		44430F311CA094A70038BAA7 /* CsoundAUSynthHTMLView */ = {
			isa = PBXNativeTarget;
			buildConfigurationList = 44430F351CA094A70038BAA7 /* Build configuration list for PBXNativeTarget "CsoundAUSynthHTMLView" */;
			buildPhases = (
				44430F2E1CA094A70038BAA7 /* Sources */,
				44430F2F1CA094A70038BAA7 /* Frameworks */,
				44430F301CA094A70038BAA7 /* Resources */,
			);
			buildRules = (
			);
			dependencies = (
			);
			name = CsoundAUSynthHTMLView;
			productName = CsoundAUSynthHTMLView;
			productReference = 44430F321CA094A70038BAA7 /* CsoundAUSynthHTMLView.bundle */;
			productType = "com.apple.product-type.bundle";
		};
/* End PBXNativeTarget section */

/* Begin PBXProject section */
		443C60671C9B32650041A086 /* Project object */ = {
			isa = PBXProject;
			attributes = {
				LastUpgradeCheck = 0720;
				ORGANIZATIONNAME = Csound;
				TargetAttributes = {
					443C606E1C9B32650041A086 = {
						CreatedOnToolsVersion = 7.2.1;
					};
					44430F311CA094A70038BAA7 = {
						CreatedOnToolsVersion = 7.2.1;
					};
				};
			};
			buildConfigurationList = 443C606A1C9B32650041A086 /* Build configuration list for PBXProject "CsoundAU" */;
			compatibilityVersion = "Xcode 3.2";
			developmentRegion = English;
			hasScannedForEncodings = 0;
			knownRegions = (
				en,
			);
			mainGroup = 443C60661C9B32650041A086;
			productRefGroup = 443C60701C9B32650041A086 /* Products */;
			projectDirPath = "";
			projectRoot = "";
			targets = (
				443C606E1C9B32650041A086 /* CsoundAUSynthHTML */,
				44430F311CA094A70038BAA7 /* CsoundAUSynthHTMLView */,
			);
		};
/* End PBXProject section */

/* Begin PBXResourcesBuildPhase section */
		443C606D1C9B32650041A086 /* Resources */ = {
			isa = PBXResourcesBuildPhase;
			buildActionMask = 2147483647;
			files = (
				44A0B35D1CA1E80C00D00ACD /* CsoundAUSynthHTMLView.bundle in Resources */,
				44430F2A1CA068150038BAA7 /* Configuration.json in Resources */,
				44430F2C1CA068150038BAA7 /* Presets.json in Resources */,
				44430F2B1CA068150038BAA7 /* Parameters.json in Resources */,
				44430F2D1CA068150038BAA7 /* Test_CsoundAUSynth.csd in Resources */,
			);
			runOnlyForDeploymentPostprocessing = 0;
		};
		44430F301CA094A70038BAA7 /* Resources */ = {
			isa = PBXResourcesBuildPhase;
			buildActionMask = 2147483647;
			files = (
				44A0B35C1CA1A6FB00D00ACD /* index.html in Resources */,
			);
			runOnlyForDeploymentPostprocessing = 0;
		};
/* End PBXResourcesBuildPhase section */

/* Begin PBXSourcesBuildPhase section */
		443C606B1C9B32650041A086 /* Sources */ = {
			isa = PBXSourcesBuildPhase;
			buildActionMask = 2147483647;
			files = (
				443C60D31C9B32DC0041A086 /* SynthNote.cpp in Sources */,
				443C60E21C9B32DC0041A086 /* CADebugPrintf.cpp in Sources */,
				443C60E71C9B32DC0041A086 /* CAVectorUnit.cpp in Sources */,
				443C60CC1C9B32DC0041A086 /* AUInputElement.cpp in Sources */,
				443C60D91C9B32DC0041A086 /* AUBaseHelper.cpp in Sources */,
				443C60DD1C9B32DC0041A086 /* CAAUMIDIMap.cpp in Sources */,
				443C60D61C9B32DC0041A086 /* AUMIDIBase.cpp in Sources */,
				443C60DB1C9B32DC0041A086 /* CAAudioChannelLayout.cpp in Sources */,
				443C60D81C9B32DC0041A086 /* MusicDeviceBase.cpp in Sources */,
				443C60FC1C9B36650041A086 /* CsoundAU.exp in Sources */,
				443C60DE1C9B32DC0041A086 /* CAAUMIDIMapManager.cpp in Sources */,
				443C60E81C9B32DC0041A086 /* CAXException.cpp in Sources */,
				443C60CD1C9B32DC0041A086 /* AUOutputElement.cpp in Sources */,
				443C60FD1C9B36650041A086 /* CsoundAUBase.cpp in Sources */,
				443C60E41C9B32DC0041A086 /* CAHostTimeBase.cpp in Sources */,
				443C61041C9B36650041A086 /* JSONParserObjC.m in Sources */,
				443C60E61C9B32DC0041A086 /* CAStreamBasicDescription.cpp in Sources */,
				443C61031C9B36650041A086 /* JSONParserCpp.mm in Sources */,
				443C60CA1C9B32DC0041A086 /* AUBase.cpp in Sources */,
				443C60E11C9B32DC0041A086 /* CADebugMacros.cpp in Sources */,
				443C60D01C9B32DC0041A086 /* ComponentBase.cpp in Sources */,
				443C60D41C9B32DC0041A086 /* SynthNoteList.cpp in Sources */,
				443C60D21C9B32DC0041A086 /* SynthElement.cpp in Sources */,
				443C60DA1C9B32DC0041A086 /* AUBuffer.cpp in Sources */,
				443C60CF1C9B32DC0041A086 /* AUScopeElement.cpp in Sources */,
				443C60CE1C9B32DC0041A086 /* AUPlugInDispatch.cpp in Sources */,
				443C60D71C9B32DC0041A086 /* AUMIDIEffectBase.cpp in Sources */,
				443C60E31C9B32DC0041A086 /* CAGuard.cpp in Sources */,
				443C60E01C9B32DC0041A086 /* CADebugger.cpp in Sources */,
				443C60DC1C9B32DC0041A086 /* CAAudioChannelLayoutObject.cpp in Sources */,
				443C60D11C9B32DC0041A086 /* AUInstrumentBase.cpp in Sources */,
				443C61001C9B36650041A086 /* CsoundAUSynth.cpp in Sources */,
				443C60D51C9B32DC0041A086 /* AUEffectBase.cpp in Sources */,
				443C60DF1C9B32DC0041A086 /* CABufferList.cpp in Sources */,
				443C61051C9B36650041A086 /* Parameter.cpp in Sources */,
				443C60E51C9B32DC0041A086 /* CAMutex.cpp in Sources */,
			);
			runOnlyForDeploymentPostprocessing = 0;
		};
		44430F2E1CA094A70038BAA7 /* Sources */ = {
			isa = PBXSourcesBuildPhase;
			buildActionMask = 2147483647;
			files = (
				44A0B3521CA1A57600D00ACD /* CsoundAUCocoaView.m in Sources */,
				44A0B3541CA1A57600D00ACD /* CsoundAUHTMLView.m in Sources */,
				44A0B3561CA1A57600D00ACD /* CsoundAUViewBase.m in Sources */,
				44A0B3581CA1A57600D00ACD /* CsoundAUViewFactory.m in Sources */,
				44A0B35A1CA1A57600D00ACD /* JSONParserObjC.m in Sources */,
			);
			runOnlyForDeploymentPostprocessing = 0;
		};
/* End PBXSourcesBuildPhase section */

/* Begin PBXTargetDependency section */
		44430F391CA094B40038BAA7 /* PBXTargetDependency */ = {
			isa = PBXTargetDependency;
			target = 44430F311CA094A70038BAA7 /* CsoundAUSynthHTMLView */;
			targetProxy = 44430F381CA094B40038BAA7 /* PBXContainerItemProxy */;
		};
/* End PBXTargetDependency section */

/* Begin XCBuildConfiguration section */
		443C60731C9B32650041A086 /* Debug */ = {
			isa = XCBuildConfiguration;
			buildSettings = {
				ALWAYS_SEARCH_USER_PATHS = NO;
				CLANG_CXX_LANGUAGE_STANDARD = "gnu++0x";
				CLANG_CXX_LIBRARY = "libc++";
				CLANG_ENABLE_MODULES = YES;
				CLANG_ENABLE_OBJC_ARC = YES;
				CLANG_WARN_BOOL_CONVERSION = YES;
				CLANG_WARN_CONSTANT_CONVERSION = YES;
				CLANG_WARN_DIRECT_OBJC_ISA_USAGE = YES_ERROR;
				CLANG_WARN_EMPTY_BODY = YES;
				CLANG_WARN_ENUM_CONVERSION = YES;
				CLANG_WARN_INT_CONVERSION = YES;
				CLANG_WARN_OBJC_ROOT_CLASS = YES_ERROR;
				CLANG_WARN_UNREACHABLE_CODE = YES;
				CLANG_WARN__DUPLICATE_METHOD_MATCH = YES;
				CODE_SIGN_IDENTITY = "-";
				COPY_PHASE_STRIP = NO;
				DEBUG_INFORMATION_FORMAT = dwarf;
				ENABLE_STRICT_OBJC_MSGSEND = YES;
				ENABLE_TESTABILITY = YES;
				GCC_C_LANGUAGE_STANDARD = gnu99;
				GCC_DYNAMIC_NO_PIC = NO;
				GCC_NO_COMMON_BLOCKS = YES;
				GCC_OPTIMIZATION_LEVEL = 0;
				GCC_PREPROCESSOR_DEFINITIONS = (
					"DEBUG=1",
					"$(inherited)",
				);
				GCC_WARN_64_TO_32_BIT_CONVERSION = YES;
				GCC_WARN_ABOUT_RETURN_TYPE = YES_ERROR;
				GCC_WARN_UNDECLARED_SELECTOR = YES;
				GCC_WARN_UNINITIALIZED_AUTOS = YES_AGGRESSIVE;
				GCC_WARN_UNUSED_FUNCTION = YES;
				GCC_WARN_UNUSED_VARIABLE = YES;
				MACOSX_DEPLOYMENT_TARGET = 10.11;
				MTL_ENABLE_DEBUG_INFO = YES;
				ONLY_ACTIVE_ARCH = YES;
				SDKROOT = macosx;
			};
			name = Debug;
		};
		443C60741C9B32650041A086 /* Release */ = {
			isa = XCBuildConfiguration;
			buildSettings = {
				ALWAYS_SEARCH_USER_PATHS = NO;
				CLANG_CXX_LANGUAGE_STANDARD = "gnu++0x";
				CLANG_CXX_LIBRARY = "libc++";
				CLANG_ENABLE_MODULES = YES;
				CLANG_ENABLE_OBJC_ARC = YES;
				CLANG_WARN_BOOL_CONVERSION = YES;
				CLANG_WARN_CONSTANT_CONVERSION = YES;
				CLANG_WARN_DIRECT_OBJC_ISA_USAGE = YES_ERROR;
				CLANG_WARN_EMPTY_BODY = YES;
				CLANG_WARN_ENUM_CONVERSION = YES;
				CLANG_WARN_INT_CONVERSION = YES;
				CLANG_WARN_OBJC_ROOT_CLASS = YES_ERROR;
				CLANG_WARN_UNREACHABLE_CODE = YES;
				CLANG_WARN__DUPLICATE_METHOD_MATCH = YES;
				CODE_SIGN_IDENTITY = "-";
				COPY_PHASE_STRIP = NO;
				DEBUG_INFORMATION_FORMAT = "dwarf-with-dsym";
				ENABLE_NS_ASSERTIONS = NO;
				ENABLE_STRICT_OBJC_MSGSEND = YES;
				GCC_C_LANGUAGE_STANDARD = gnu99;
				GCC_NO_COMMON_BLOCKS = YES;
				GCC_WARN_64_TO_32_BIT_CONVERSION = YES;
				GCC_WARN_ABOUT_RETURN_TYPE = YES_ERROR;
				GCC_WARN_UNDECLARED_SELECTOR = YES;
				GCC_WARN_UNINITIALIZED_AUTOS = YES_AGGRESSIVE;
				GCC_WARN_UNUSED_FUNCTION = YES;
				GCC_WARN_UNUSED_VARIABLE = YES;
				MACOSX_DEPLOYMENT_TARGET = 10.11;
				MTL_ENABLE_DEBUG_INFO = NO;
				SDKROOT = macosx;
			};
			name = Release;
		};
		443C60761C9B32650041A086 /* Debug */ = {
			isa = XCBuildConfiguration;
			buildSettings = {
				COMBINE_HIDPI_IMAGES = YES;
				DEPLOYMENT_LOCATION = YES;
				DSTROOT = /;
				FRAMEWORK_SEARCH_PATHS = (
					"$(inherited)",
					"$(LOCAL_LIBRARY_DIR)/Frameworks",
				);
				GCC_PREPROCESSOR_DEFINITIONS = (
					"BUNDLEID=\\\"com.Csound.CsoundAUSynthHTML\\\"",
					"CA_USE_AUDIO_PLUGIN_ONLY=1",
				);
				INFOPLIST_FILE = CsoundAU/Info.plist;
				INSTALL_PATH = "$(HOME)/Library/Audio/Plug-Ins/Components/";
				PRODUCT_BUNDLE_IDENTIFIER = com.Csound.CsoundAU;
				PRODUCT_NAME = "$(TARGET_NAME)";
				SKIP_INSTALL = NO;
				WRAPPER_EXTENSION = component;
			};
			name = Debug;
		};
		443C60771C9B32650041A086 /* Release */ = {
			isa = XCBuildConfiguration;
			buildSettings = {
				COMBINE_HIDPI_IMAGES = YES;
				DEPLOYMENT_LOCATION = YES;
				DSTROOT = /;
				FRAMEWORK_SEARCH_PATHS = (
					"$(inherited)",
					"$(LOCAL_LIBRARY_DIR)/Frameworks",
				);
				GCC_PREPROCESSOR_DEFINITIONS = (
					"BUNDLEID=\\\"com.Csound.CsoundAUSynthHTML\\\"",
					"CA_USE_AUDIO_PLUGIN_ONLY=1",
				);
				INFOPLIST_FILE = CsoundAU/Info.plist;
				INSTALL_PATH = "$(HOME)/Library/Audio/Plug-Ins/Components/";
				PRODUCT_BUNDLE_IDENTIFIER = com.Csound.CsoundAU;
				PRODUCT_NAME = "$(TARGET_NAME)";
				SKIP_INSTALL = NO;
				WRAPPER_EXTENSION = component;
			};
			name = Release;
		};
		44430F361CA094A70038BAA7 /* Debug */ = {
			isa = XCBuildConfiguration;
			buildSettings = {
				COMBINE_HIDPI_IMAGES = YES;
				GCC_PREPROCESSOR_DEFINITIONS = (
					"DEBUG=1",
					"$(inherited)",
					"BUNDLEID=\\\"${PRODUCT_NAME:rfc1034identifier}\\\"",
				);
				INFOPLIST_FILE = CsoundAUSynthHTMLView/Info.plist;
				INSTALL_PATH = "$(LOCAL_LIBRARY_DIR)/Bundles";
				OTHER_LDFLAGS = (
					"-framework",
					Foundation,
					"-framework",
					Appkit,
				);
				PRODUCT_BUNDLE_IDENTIFIER = com.Csound.CsoundAUSynthHTMLView;
				PRODUCT_NAME = "$(TARGET_NAME)";
				SKIP_INSTALL = YES;
				WRAPPER_EXTENSION = bundle;
			};
			name = Debug;
		};
		44430F371CA094A70038BAA7 /* Release */ = {
			isa = XCBuildConfiguration;
			buildSettings = {
				COMBINE_HIDPI_IMAGES = YES;
				INFOPLIST_FILE = CsoundAUSynthHTMLView/Info.plist;
				INSTALL_PATH = "$(LOCAL_LIBRARY_DIR)/Bundles";
				OTHER_LDFLAGS = (
					"-framework",
					Foundation,
					"-framework",
					Appkit,
				);
				PRODUCT_BUNDLE_IDENTIFIER = com.Csound.CsoundAUSynthHTMLView;
				PRODUCT_NAME = "$(TARGET_NAME)";
				SKIP_INSTALL = YES;
				WRAPPER_EXTENSION = bundle;
			};
			name = Release;
		};
/* End XCBuildConfiguration section */

/* Begin XCConfigurationList section */
		443C606A1C9B32650041A086 /* Build configuration list for PBXProject "CsoundAU" */ = {
			isa = XCConfigurationList;
			buildConfigurations = (
				443C60731C9B32650041A086 /* Debug */,
				443C60741C9B32650041A086 /* Release */,
			);
			defaultConfigurationIsVisible = 0;
			defaultConfigurationName = Release;
		};
		443C60751C9B32650041A086 /* Build configuration list for PBXNativeTarget "CsoundAUSynthHTML" */ = {
			isa = XCConfigurationList;
			buildConfigurations = (
				443C60761C9B32650041A086 /* Debug */,
				443C60771C9B32650041A086 /* Release */,
			);
			defaultConfigurationIsVisible = 0;
			defaultConfigurationName = Release;
		};
		44430F351CA094A70038BAA7 /* Build configuration list for PBXNativeTarget "CsoundAUSynthHTMLView" */ = {
			isa = XCConfigurationList;
			buildConfigurations = (
				44430F361CA094A70038BAA7 /* Debug */,
				44430F371CA094A70038BAA7 /* Release */,
			);
			defaultConfigurationIsVisible = 0;
			defaultConfigurationName = Release;
		};
/* End XCConfigurationList section */
	};
	rootObject = 443C60671C9B32650041A086 /* Project object */;
}
